// !$*UTF8*$!
{
	archiveVersion = 1;
	classes = {
	};
	objectVersion = 46;
	objects = {

/* Begin PBXBuildFile section */
		F443CF0516F7EE3000BD39B2 /* iCarousel.m in Sources */ = {isa = PBXBuildFile; fileRef = F443CF0416F7EE3000BD39B2 /* iCarousel.m */; };
		F443CF0F16F7EF3400BD39B2 /* QuartzCore.framework in Frameworks */ = {isa = PBXBuildFile; fileRef = F443CF0D16F7EF2800BD39B2 /* QuartzCore.framework */; };
		F443CF1116F7F04800BD39B2 /* libOCMock.a in Frameworks */ = {isa = PBXBuildFile; fileRef = F443CF1016F7F04800BD39B2 /* libOCMock.a */; };
		F443CF1416F7F6E400BD39B2 /* PrepViewController.m in Sources */ = {isa = PBXBuildFile; fileRef = F443CF1316F7F6E300BD39B2 /* PrepViewController.m */; };
		F443CF1716F80B8900BD39B2 /* CharacterViewController.m in Sources */ = {isa = PBXBuildFile; fileRef = F443CF1616F80B8800BD39B2 /* CharacterViewController.m */; };
		F443CF1A16F8301A00BD39B2 /* background.png in Resources */ = {isa = PBXBuildFile; fileRef = F443CF1816F8301900BD39B2 /* background.png */; };
		F443CF1B16F8301A00BD39B2 /* page.png in Resources */ = {isa = PBXBuildFile; fileRef = F443CF1916F8301900BD39B2 /* page.png */; };
		F443CF2116F83AD600BD39B2 /* SettingsTableViewController.m in Sources */ = {isa = PBXBuildFile; fileRef = F443CF2016F83AD400BD39B2 /* SettingsTableViewController.m */; };
		F472294F17026DB300D4D4DA /* VictoryViewController.m in Sources */ = {isa = PBXBuildFile; fileRef = F472294E17026DB200D4D4DA /* VictoryViewController.m */; };
		F478E68016F8C61D00CE2CEF /* MBProgressHUD.m in Sources */ = {isa = PBXBuildFile; fileRef = F478E67F16F8C61D00CE2CEF /* MBProgressHUD.m */; };
		F478E68316F8CB4A00CE2CEF /* CharacterSubView.m in Sources */ = {isa = PBXBuildFile; fileRef = F478E68216F8CB4A00CE2CEF /* CharacterSubView.m */; };
		F478E68716F8DA9100CE2CEF /* ATSDragToReorderTableViewController.m in Sources */ = {isa = PBXBuildFile; fileRef = F478E68616F8DA9100CE2CEF /* ATSDragToReorderTableViewController.m */; };
		F478E68916F90BE800CE2CEF /* Circle.png in Resources */ = {isa = PBXBuildFile; fileRef = F478E68816F90BE800CE2CEF /* Circle.png */; };
		F49C372216F46DDA005A7EE4 /* WerewolfGameTest.m in Sources */ = {isa = PBXBuildFile; fileRef = F49C372116F46DDA005A7EE4 /* WerewolfGameTest.m */; };
		F49C372316F46DEC005A7EE4 /* WerewolfGame.m in Sources */ = {isa = PBXBuildFile; fileRef = F4B5C96E16EEDE4600961A60 /* WerewolfGame.m */; };
		F49C372416F46EAE005A7EE4 /* WerewolfPlayer.m in Sources */ = {isa = PBXBuildFile; fileRef = F4B5C96B16EEDC8B00961A60 /* WerewolfPlayer.m */; };
		F4B5C92D16EEDB3F00961A60 /* UIKit.framework in Frameworks */ = {isa = PBXBuildFile; fileRef = F4B5C92C16EEDB3F00961A60 /* UIKit.framework */; };
		F4B5C92F16EEDB3F00961A60 /* Foundation.framework in Frameworks */ = {isa = PBXBuildFile; fileRef = F4B5C92E16EEDB3F00961A60 /* Foundation.framework */; };
		F4B5C93116EEDB3F00961A60 /* CoreGraphics.framework in Frameworks */ = {isa = PBXBuildFile; fileRef = F4B5C93016EEDB3F00961A60 /* CoreGraphics.framework */; };
		F4B5C93716EEDB3F00961A60 /* InfoPlist.strings in Resources */ = {isa = PBXBuildFile; fileRef = F4B5C93516EEDB3F00961A60 /* InfoPlist.strings */; };
		F4B5C93916EEDB3F00961A60 /* main.m in Sources */ = {isa = PBXBuildFile; fileRef = F4B5C93816EEDB3F00961A60 /* main.m */; };
		F4B5C93D16EEDB3F00961A60 /* AppDelegate.m in Sources */ = {isa = PBXBuildFile; fileRef = F4B5C93C16EEDB3F00961A60 /* AppDelegate.m */; };
		F4B5C93F16EEDB3F00961A60 /* Default.png in Resources */ = {isa = PBXBuildFile; fileRef = F4B5C93E16EEDB3F00961A60 /* Default.png */; };
		F4B5C94116EEDB3F00961A60 /* Default@2x.png in Resources */ = {isa = PBXBuildFile; fileRef = F4B5C94016EEDB3F00961A60 /* Default@2x.png */; };
		F4B5C94316EEDB3F00961A60 /* Default-568h@2x.png in Resources */ = {isa = PBXBuildFile; fileRef = F4B5C94216EEDB3F00961A60 /* Default-568h@2x.png */; };
		F4B5C94616EEDB4000961A60 /* MainStoryboard_iPhone.storyboard in Resources */ = {isa = PBXBuildFile; fileRef = F4B5C94416EEDB4000961A60 /* MainStoryboard_iPhone.storyboard */; };
		F4B5C94916EEDB4000961A60 /* MainStoryboard_iPad.storyboard in Resources */ = {isa = PBXBuildFile; fileRef = F4B5C94716EEDB4000961A60 /* MainStoryboard_iPad.storyboard */; };
		F4B5C94C16EEDB4000961A60 /* GameViewController.m in Sources */ = {isa = PBXBuildFile; fileRef = F4B5C94B16EEDB4000961A60 /* GameViewController.m */; };
		F4B5C95416EEDB4200961A60 /* SenTestingKit.framework in Frameworks */ = {isa = PBXBuildFile; fileRef = F4B5C95316EEDB4200961A60 /* SenTestingKit.framework */; };
		F4B5C95516EEDB4200961A60 /* UIKit.framework in Frameworks */ = {isa = PBXBuildFile; fileRef = F4B5C92C16EEDB3F00961A60 /* UIKit.framework */; };
		F4B5C95616EEDB4200961A60 /* Foundation.framework in Frameworks */ = {isa = PBXBuildFile; fileRef = F4B5C92E16EEDB3F00961A60 /* Foundation.framework */; };
		F4B5C95E16EEDB4200961A60 /* InfoPlist.strings in Resources */ = {isa = PBXBuildFile; fileRef = F4B5C95C16EEDB4200961A60 /* InfoPlist.strings */; };
		F4B5C96C16EEDC8B00961A60 /* WerewolfPlayer.m in Sources */ = {isa = PBXBuildFile; fileRef = F4B5C96B16EEDC8B00961A60 /* WerewolfPlayer.m */; };
		F4B5C96F16EEDE4600961A60 /* WerewolfGame.m in Sources */ = {isa = PBXBuildFile; fileRef = F4B5C96E16EEDE4600961A60 /* WerewolfGame.m */; };
/* End PBXBuildFile section */

/* Begin PBXContainerItemProxy section */
		F4B5C95716EEDB4200961A60 /* PBXContainerItemProxy */ = {
			isa = PBXContainerItemProxy;
			containerPortal = F4B5C92116EEDB3E00961A60 /* Project object */;
			proxyType = 1;
			remoteGlobalIDString = F4B5C92816EEDB3F00961A60;
			remoteInfo = Werewolf;
		};
/* End PBXContainerItemProxy section */

/* Begin PBXFileReference section */
		F443CF0316F7EE3000BD39B2 /* iCarousel.h */ = {isa = PBXFileReference; fileEncoding = 4; lastKnownFileType = sourcecode.c.h; path = iCarousel.h; sourceTree = "<group>"; };
		F443CF0416F7EE3000BD39B2 /* iCarousel.m */ = {isa = PBXFileReference; fileEncoding = 4; lastKnownFileType = sourcecode.c.objc; path = iCarousel.m; sourceTree = "<group>"; };
		F443CF0716F7EEB400BD39B2 /* NSNotificationCenter+OCMAdditions.h */ = {isa = PBXFileReference; fileEncoding = 4; lastKnownFileType = sourcecode.c.h; path = "NSNotificationCenter+OCMAdditions.h"; sourceTree = "<group>"; };
		F443CF0816F7EEB400BD39B2 /* OCMArg.h */ = {isa = PBXFileReference; fileEncoding = 4; lastKnownFileType = sourcecode.c.h; path = OCMArg.h; sourceTree = "<group>"; };
		F443CF0916F7EEB400BD39B2 /* OCMConstraint.h */ = {isa = PBXFileReference; fileEncoding = 4; lastKnownFileType = sourcecode.c.h; path = OCMConstraint.h; sourceTree = "<group>"; };
		F443CF0A16F7EEB400BD39B2 /* OCMock.h */ = {isa = PBXFileReference; fileEncoding = 4; lastKnownFileType = sourcecode.c.h; path = OCMock.h; sourceTree = "<group>"; };
		F443CF0B16F7EEB400BD39B2 /* OCMockObject.h */ = {isa = PBXFileReference; fileEncoding = 4; lastKnownFileType = sourcecode.c.h; path = OCMockObject.h; sourceTree = "<group>"; };
		F443CF0C16F7EEB400BD39B2 /* OCMockRecorder.h */ = {isa = PBXFileReference; fileEncoding = 4; lastKnownFileType = sourcecode.c.h; path = OCMockRecorder.h; sourceTree = "<group>"; };
		F443CF0D16F7EF2800BD39B2 /* QuartzCore.framework */ = {isa = PBXFileReference; lastKnownFileType = wrapper.framework; name = QuartzCore.framework; path = System/Library/Frameworks/QuartzCore.framework; sourceTree = SDKROOT; };
		F443CF1016F7F04800BD39B2 /* libOCMock.a */ = {isa = PBXFileReference; lastKnownFileType = archive.ar; name = libOCMock.a; path = WerewolfTests/libOCMock.a; sourceTree = "<group>"; };
		F443CF1216F7F6E300BD39B2 /* PrepViewController.h */ = {isa = PBXFileReference; fileEncoding = 4; lastKnownFileType = sourcecode.c.h; path = PrepViewController.h; sourceTree = "<group>"; };
		F443CF1316F7F6E300BD39B2 /* PrepViewController.m */ = {isa = PBXFileReference; fileEncoding = 4; lastKnownFileType = sourcecode.c.objc; path = PrepViewController.m; sourceTree = "<group>"; };
		F443CF1516F80B8700BD39B2 /* CharacterViewController.h */ = {isa = PBXFileReference; fileEncoding = 4; lastKnownFileType = sourcecode.c.h; path = CharacterViewController.h; sourceTree = "<group>"; };
		F443CF1616F80B8800BD39B2 /* CharacterViewController.m */ = {isa = PBXFileReference; fileEncoding = 4; lastKnownFileType = sourcecode.c.objc; path = CharacterViewController.m; sourceTree = "<group>"; };
		F443CF1816F8301900BD39B2 /* background.png */ = {isa = PBXFileReference; lastKnownFileType = image.png; path = background.png; sourceTree = "<group>"; };
		F443CF1916F8301900BD39B2 /* page.png */ = {isa = PBXFileReference; lastKnownFileType = image.png; path = page.png; sourceTree = "<group>"; };
		F443CF1F16F83AD400BD39B2 /* SettingsTableViewController.h */ = {isa = PBXFileReference; fileEncoding = 4; lastKnownFileType = sourcecode.c.h; path = SettingsTableViewController.h; sourceTree = "<group>"; };
		F443CF2016F83AD400BD39B2 /* SettingsTableViewController.m */ = {isa = PBXFileReference; fileEncoding = 4; lastKnownFileType = sourcecode.c.objc; path = SettingsTableViewController.m; sourceTree = "<group>"; };
		F472294D17026DB000D4D4DA /* VictoryViewController.h */ = {isa = PBXFileReference; fileEncoding = 4; lastKnownFileType = sourcecode.c.h; path = VictoryViewController.h; sourceTree = "<group>"; };
		F472294E17026DB200D4D4DA /* VictoryViewController.m */ = {isa = PBXFileReference; fileEncoding = 4; lastKnownFileType = sourcecode.c.objc; path = VictoryViewController.m; sourceTree = "<group>"; };
		F478E67E16F8C61D00CE2CEF /* MBProgressHUD.h */ = {isa = PBXFileReference; fileEncoding = 4; lastKnownFileType = sourcecode.c.h; path = MBProgressHUD.h; sourceTree = "<group>"; };
		F478E67F16F8C61D00CE2CEF /* MBProgressHUD.m */ = {isa = PBXFileReference; fileEncoding = 4; lastKnownFileType = sourcecode.c.objc; path = MBProgressHUD.m; sourceTree = "<group>"; };
		F478E68116F8CB4A00CE2CEF /* CharacterSubView.h */ = {isa = PBXFileReference; fileEncoding = 4; lastKnownFileType = sourcecode.c.h; path = CharacterSubView.h; sourceTree = "<group>"; };
		F478E68216F8CB4A00CE2CEF /* CharacterSubView.m */ = {isa = PBXFileReference; fileEncoding = 4; lastKnownFileType = sourcecode.c.objc; path = CharacterSubView.m; sourceTree = "<group>"; };
		F478E68516F8DA9100CE2CEF /* ATSDragToReorderTableViewController.h */ = {isa = PBXFileReference; fileEncoding = 4; lastKnownFileType = sourcecode.c.h; path = ATSDragToReorderTableViewController.h; sourceTree = "<group>"; };
		F478E68616F8DA9100CE2CEF /* ATSDragToReorderTableViewController.m */ = {isa = PBXFileReference; fileEncoding = 4; lastKnownFileType = sourcecode.c.objc; path = ATSDragToReorderTableViewController.m; sourceTree = "<group>"; };
		F478E68816F90BE800CE2CEF /* Circle.png */ = {isa = PBXFileReference; lastKnownFileType = image.png; path = Circle.png; sourceTree = "<group>"; };
		F49C372016F46DDA005A7EE4 /* WerewolfGameTest.h */ = {isa = PBXFileReference; fileEncoding = 4; lastKnownFileType = sourcecode.c.h; path = WerewolfGameTest.h; sourceTree = "<group>"; };
		F49C372116F46DDA005A7EE4 /* WerewolfGameTest.m */ = {isa = PBXFileReference; fileEncoding = 4; lastKnownFileType = sourcecode.c.objc; path = WerewolfGameTest.m; sourceTree = "<group>"; };
		F4B5C92916EEDB3F00961A60 /* Werewolf.app */ = {isa = PBXFileReference; explicitFileType = wrapper.application; includeInIndex = 0; path = Werewolf.app; sourceTree = BUILT_PRODUCTS_DIR; };
		F4B5C92C16EEDB3F00961A60 /* UIKit.framework */ = {isa = PBXFileReference; lastKnownFileType = wrapper.framework; name = UIKit.framework; path = System/Library/Frameworks/UIKit.framework; sourceTree = SDKROOT; };
		F4B5C92E16EEDB3F00961A60 /* Foundation.framework */ = {isa = PBXFileReference; lastKnownFileType = wrapper.framework; name = Foundation.framework; path = System/Library/Frameworks/Foundation.framework; sourceTree = SDKROOT; };
		F4B5C93016EEDB3F00961A60 /* CoreGraphics.framework */ = {isa = PBXFileReference; lastKnownFileType = wrapper.framework; name = CoreGraphics.framework; path = System/Library/Frameworks/CoreGraphics.framework; sourceTree = SDKROOT; };
		F4B5C93416EEDB3F00961A60 /* Werewolf-Info.plist */ = {isa = PBXFileReference; lastKnownFileType = text.plist.xml; path = "Werewolf-Info.plist"; sourceTree = "<group>"; };
		F4B5C93616EEDB3F00961A60 /* en */ = {isa = PBXFileReference; lastKnownFileType = text.plist.strings; name = en; path = en.lproj/InfoPlist.strings; sourceTree = "<group>"; };
		F4B5C93816EEDB3F00961A60 /* main.m */ = {isa = PBXFileReference; lastKnownFileType = sourcecode.c.objc; path = main.m; sourceTree = "<group>"; };
		F4B5C93A16EEDB3F00961A60 /* Werewolf-Prefix.pch */ = {isa = PBXFileReference; lastKnownFileType = sourcecode.c.h; path = "Werewolf-Prefix.pch"; sourceTree = "<group>"; };
		F4B5C93B16EEDB3F00961A60 /* AppDelegate.h */ = {isa = PBXFileReference; lastKnownFileType = sourcecode.c.h; path = AppDelegate.h; sourceTree = "<group>"; };
		F4B5C93C16EEDB3F00961A60 /* AppDelegate.m */ = {isa = PBXFileReference; lastKnownFileType = sourcecode.c.objc; path = AppDelegate.m; sourceTree = "<group>"; };
		F4B5C93E16EEDB3F00961A60 /* Default.png */ = {isa = PBXFileReference; lastKnownFileType = image.png; path = Default.png; sourceTree = "<group>"; };
		F4B5C94016EEDB3F00961A60 /* Default@2x.png */ = {isa = PBXFileReference; lastKnownFileType = image.png; path = "Default@2x.png"; sourceTree = "<group>"; };
		F4B5C94216EEDB3F00961A60 /* Default-568h@2x.png */ = {isa = PBXFileReference; lastKnownFileType = image.png; path = "Default-568h@2x.png"; sourceTree = "<group>"; };
		F4B5C94516EEDB4000961A60 /* en */ = {isa = PBXFileReference; lastKnownFileType = file.storyboard; name = en; path = en.lproj/MainStoryboard_iPhone.storyboard; sourceTree = "<group>"; };
		F4B5C94816EEDB4000961A60 /* en */ = {isa = PBXFileReference; lastKnownFileType = file.storyboard; name = en; path = en.lproj/MainStoryboard_iPad.storyboard; sourceTree = "<group>"; };
		F4B5C94A16EEDB4000961A60 /* GameViewController.h */ = {isa = PBXFileReference; lastKnownFileType = sourcecode.c.h; path = GameViewController.h; sourceTree = "<group>"; };
		F4B5C94B16EEDB4000961A60 /* GameViewController.m */ = {isa = PBXFileReference; lastKnownFileType = sourcecode.c.objc; path = GameViewController.m; sourceTree = "<group>"; };
		F4B5C95216EEDB4200961A60 /* WerewolfTests.octest */ = {isa = PBXFileReference; explicitFileType = wrapper.cfbundle; includeInIndex = 0; path = WerewolfTests.octest; sourceTree = BUILT_PRODUCTS_DIR; };
		F4B5C95316EEDB4200961A60 /* SenTestingKit.framework */ = {isa = PBXFileReference; lastKnownFileType = wrapper.framework; name = SenTestingKit.framework; path = Library/Frameworks/SenTestingKit.framework; sourceTree = DEVELOPER_DIR; };
		F4B5C95B16EEDB4200961A60 /* WerewolfTests-Info.plist */ = {isa = PBXFileReference; lastKnownFileType = text.plist.xml; path = "WerewolfTests-Info.plist"; sourceTree = "<group>"; };
		F4B5C95D16EEDB4200961A60 /* en */ = {isa = PBXFileReference; lastKnownFileType = text.plist.strings; name = en; path = en.lproj/InfoPlist.strings; sourceTree = "<group>"; };
		F4B5C96A16EEDC8B00961A60 /* WerewolfPlayer.h */ = {isa = PBXFileReference; fileEncoding = 4; lastKnownFileType = sourcecode.c.h; path = WerewolfPlayer.h; sourceTree = "<group>"; };
		F4B5C96B16EEDC8B00961A60 /* WerewolfPlayer.m */ = {isa = PBXFileReference; fileEncoding = 4; lastKnownFileType = sourcecode.c.objc; path = WerewolfPlayer.m; sourceTree = "<group>"; };
		F4B5C96D16EEDE4600961A60 /* WerewolfGame.h */ = {isa = PBXFileReference; fileEncoding = 4; lastKnownFileType = sourcecode.c.h; path = WerewolfGame.h; sourceTree = "<group>"; };
		F4B5C96E16EEDE4600961A60 /* WerewolfGame.m */ = {isa = PBXFileReference; fileEncoding = 4; lastKnownFileType = sourcecode.c.objc; path = WerewolfGame.m; sourceTree = "<group>"; };
/* End PBXFileReference section */

/* Begin PBXFrameworksBuildPhase section */
		F4B5C92616EEDB3F00961A60 /* Frameworks */ = {
			isa = PBXFrameworksBuildPhase;
			buildActionMask = 2147483647;
			files = (
				F443CF0F16F7EF3400BD39B2 /* QuartzCore.framework in Frameworks */,
				F4B5C92D16EEDB3F00961A60 /* UIKit.framework in Frameworks */,
				F4B5C92F16EEDB3F00961A60 /* Foundation.framework in Frameworks */,
				F4B5C93116EEDB3F00961A60 /* CoreGraphics.framework in Frameworks */,
			);
			runOnlyForDeploymentPostprocessing = 0;
		};
		F4B5C94E16EEDB4200961A60 /* Frameworks */ = {
			isa = PBXFrameworksBuildPhase;
			buildActionMask = 2147483647;
			files = (
				F4B5C95416EEDB4200961A60 /* SenTestingKit.framework in Frameworks */,
				F4B5C95516EEDB4200961A60 /* UIKit.framework in Frameworks */,
				F4B5C95616EEDB4200961A60 /* Foundation.framework in Frameworks */,
				F443CF1116F7F04800BD39B2 /* libOCMock.a in Frameworks */,
			);
			runOnlyForDeploymentPostprocessing = 0;
		};
/* End PBXFrameworksBuildPhase section */

/* Begin PBXGroup section */
		F443CF0216F7EE3000BD39B2 /* iCarousel */ = {
			isa = PBXGroup;
			children = (
				F443CF0316F7EE3000BD39B2 /* iCarousel.h */,
				F443CF0416F7EE3000BD39B2 /* iCarousel.m */,
			);
			path = iCarousel;
			sourceTree = "<group>";
		};
		F443CF0616F7EEB400BD39B2 /* OCMock */ = {
			isa = PBXGroup;
			children = (
				F443CF0716F7EEB400BD39B2 /* NSNotificationCenter+OCMAdditions.h */,
				F443CF0816F7EEB400BD39B2 /* OCMArg.h */,
				F443CF0916F7EEB400BD39B2 /* OCMConstraint.h */,
				F443CF0A16F7EEB400BD39B2 /* OCMock.h */,
				F443CF0B16F7EEB400BD39B2 /* OCMockObject.h */,
				F443CF0C16F7EEB400BD39B2 /* OCMockRecorder.h */,
			);
			path = OCMock;
			sourceTree = "<group>";
		};
		F478E67D16F8C61D00CE2CEF /* MBProgressHUD */ = {
			isa = PBXGroup;
			children = (
				F478E67E16F8C61D00CE2CEF /* MBProgressHUD.h */,
				F478E67F16F8C61D00CE2CEF /* MBProgressHUD.m */,
			);
			path = MBProgressHUD;
			sourceTree = "<group>";
		};
		F478E68416F8DA9100CE2CEF /* ReorderingTableView */ = {
			isa = PBXGroup;
			children = (
				F478E68516F8DA9100CE2CEF /* ATSDragToReorderTableViewController.h */,
				F478E68616F8DA9100CE2CEF /* ATSDragToReorderTableViewController.m */,
			);
			path = ReorderingTableView;
			sourceTree = "<group>";
		};
		F4B5C92016EEDB3E00961A60 = {
			isa = PBXGroup;
			children = (
				F4B5C93216EEDB3F00961A60 /* Werewolf */,
				F4B5C95916EEDB4200961A60 /* WerewolfTests */,
				F4B5C92B16EEDB3F00961A60 /* Frameworks */,
				F4B5C92A16EEDB3F00961A60 /* Products */,
			);
			sourceTree = "<group>";
		};
		F4B5C92A16EEDB3F00961A60 /* Products */ = {
			isa = PBXGroup;
			children = (
				F4B5C92916EEDB3F00961A60 /* Werewolf.app */,
				F4B5C95216EEDB4200961A60 /* WerewolfTests.octest */,
			);
			name = Products;
			sourceTree = "<group>";
		};
		F4B5C92B16EEDB3F00961A60 /* Frameworks */ = {
			isa = PBXGroup;
			children = (
				F443CF1016F7F04800BD39B2 /* libOCMock.a */,
				F443CF0D16F7EF2800BD39B2 /* QuartzCore.framework */,
				F4B5C92C16EEDB3F00961A60 /* UIKit.framework */,
				F4B5C92E16EEDB3F00961A60 /* Foundation.framework */,
				F4B5C93016EEDB3F00961A60 /* CoreGraphics.framework */,
				F4B5C95316EEDB4200961A60 /* SenTestingKit.framework */,
			);
			name = Frameworks;
			sourceTree = "<group>";
		};
		F4B5C93216EEDB3F00961A60 /* Werewolf */ = {
			isa = PBXGroup;
			children = (
				F4B5C93B16EEDB3F00961A60 /* AppDelegate.h */,
				F4B5C93C16EEDB3F00961A60 /* AppDelegate.m */,
				F4B5C94416EEDB4000961A60 /* MainStoryboard_iPhone.storyboard */,
				F4B5C94716EEDB4000961A60 /* MainStoryboard_iPad.storyboard */,
				F443CF1216F7F6E300BD39B2 /* PrepViewController.h */,
				F443CF1316F7F6E300BD39B2 /* PrepViewController.m */,
				F443CF1F16F83AD400BD39B2 /* SettingsTableViewController.h */,
				F443CF2016F83AD400BD39B2 /* SettingsTableViewController.m */,
				F443CF1516F80B8700BD39B2 /* CharacterViewController.h */,
				F443CF1616F80B8800BD39B2 /* CharacterViewController.m */,
				F4B5C94A16EEDB4000961A60 /* GameViewController.h */,
				F4B5C94B16EEDB4000961A60 /* GameViewController.m */,
				F472294D17026DB000D4D4DA /* VictoryViewController.h */,
				F472294E17026DB200D4D4DA /* VictoryViewController.m */,
				F4B5C93316EEDB3F00961A60 /* Supporting Files */,
			);
			path = Werewolf;
			sourceTree = "<group>";
		};
		F4B5C93316EEDB3F00961A60 /* Supporting Files */ = {
			isa = PBXGroup;
			children = (
				F443CF0216F7EE3000BD39B2 /* iCarousel */,
				F478E67D16F8C61D00CE2CEF /* MBProgressHUD */,
				F478E68416F8DA9100CE2CEF /* ReorderingTableView */,
				F4B5C93416EEDB3F00961A60 /* Werewolf-Info.plist */,
				F4B5C93516EEDB3F00961A60 /* InfoPlist.strings */,
				F4B5C93816EEDB3F00961A60 /* main.m */,
				F4B5C93A16EEDB3F00961A60 /* Werewolf-Prefix.pch */,
				F4B5C93E16EEDB3F00961A60 /* Default.png */,
				F4B5C94016EEDB3F00961A60 /* Default@2x.png */,
				F4B5C94216EEDB3F00961A60 /* Default-568h@2x.png */,
				F4B5C96A16EEDC8B00961A60 /* WerewolfPlayer.h */,
				F4B5C96B16EEDC8B00961A60 /* WerewolfPlayer.m */,
				F4B5C96D16EEDE4600961A60 /* WerewolfGame.h */,
				F4B5C96E16EEDE4600961A60 /* WerewolfGame.m */,
				F478E68116F8CB4A00CE2CEF /* CharacterSubView.h */,
				F478E68216F8CB4A00CE2CEF /* CharacterSubView.m */,
				F443CF1816F8301900BD39B2 /* background.png */,
				F443CF1916F8301900BD39B2 /* page.png */,
				F478E68816F90BE800CE2CEF /* Circle.png */,
			);
			name = "Supporting Files";
			sourceTree = "<group>";
		};
		F4B5C95916EEDB4200961A60 /* WerewolfTests */ = {
			isa = PBXGroup;
			children = (
				F49C372016F46DDA005A7EE4 /* WerewolfGameTest.h */,
				F49C372116F46DDA005A7EE4 /* WerewolfGameTest.m */,
				F4B5C95A16EEDB4200961A60 /* Supporting Files */,
			);
			path = WerewolfTests;
			sourceTree = "<group>";
		};
		F4B5C95A16EEDB4200961A60 /* Supporting Files */ = {
			isa = PBXGroup;
			children = (
				F443CF0616F7EEB400BD39B2 /* OCMock */,
				F4B5C95B16EEDB4200961A60 /* WerewolfTests-Info.plist */,
				F4B5C95C16EEDB4200961A60 /* InfoPlist.strings */,
			);
			name = "Supporting Files";
			sourceTree = "<group>";
		};
/* End PBXGroup section */

/* Begin PBXNativeTarget section */
		F4B5C92816EEDB3F00961A60 /* Werewolf */ = {
			isa = PBXNativeTarget;
			buildConfigurationList = F4B5C96416EEDB4200961A60 /* Build configuration list for PBXNativeTarget "Werewolf" */;
			buildPhases = (
				F4B5C92516EEDB3F00961A60 /* Sources */,
				F4B5C92616EEDB3F00961A60 /* Frameworks */,
				F4B5C92716EEDB3F00961A60 /* Resources */,
			);
			buildRules = (
			);
			dependencies = (
			);
			name = Werewolf;
			productName = Werewolf;
			productReference = F4B5C92916EEDB3F00961A60 /* Werewolf.app */;
			productType = "com.apple.product-type.application";
		};
		F4B5C95116EEDB4200961A60 /* WerewolfTests */ = {
			isa = PBXNativeTarget;
			buildConfigurationList = F4B5C96716EEDB4200961A60 /* Build configuration list for PBXNativeTarget "WerewolfTests" */;
			buildPhases = (
				F4B5C94D16EEDB4200961A60 /* Sources */,
				F4B5C94E16EEDB4200961A60 /* Frameworks */,
				F4B5C94F16EEDB4200961A60 /* Resources */,
				F4B5C95016EEDB4200961A60 /* ShellScript */,
			);
			buildRules = (
			);
			dependencies = (
				F4B5C95816EEDB4200961A60 /* PBXTargetDependency */,
			);
			name = WerewolfTests;
			productName = WerewolfTests;
			productReference = F4B5C95216EEDB4200961A60 /* WerewolfTests.octest */;
			productType = "com.apple.product-type.bundle";
		};
/* End PBXNativeTarget section */

/* Begin PBXProject section */
		F4B5C92116EEDB3E00961A60 /* Project object */ = {
			isa = PBXProject;
			attributes = {
				LastUpgradeCheck = 0460;
				ORGANIZATIONNAME = "Sihao Lu";
				TargetAttributes = {
					F4B5C92816EEDB3F00961A60 = {
						DevelopmentTeam = 52RD2GH5DP;
					};
				};
			};
			buildConfigurationList = F4B5C92416EEDB3F00961A60 /* Build configuration list for PBXProject "Werewolf" */;
			compatibilityVersion = "Xcode 3.2";
			developmentRegion = English;
			hasScannedForEncodings = 0;
			knownRegions = (
				en,
			);
			mainGroup = F4B5C92016EEDB3E00961A60;
			productRefGroup = F4B5C92A16EEDB3F00961A60 /* Products */;
			projectDirPath = "";
			projectRoot = "";
			targets = (
				F4B5C92816EEDB3F00961A60 /* Werewolf */,
				F4B5C95116EEDB4200961A60 /* WerewolfTests */,
			);
		};
/* End PBXProject section */

/* Begin PBXResourcesBuildPhase section */
		F4B5C92716EEDB3F00961A60 /* Resources */ = {
			isa = PBXResourcesBuildPhase;
			buildActionMask = 2147483647;
			files = (
				F4B5C93716EEDB3F00961A60 /* InfoPlist.strings in Resources */,
				F4B5C93F16EEDB3F00961A60 /* Default.png in Resources */,
				F4B5C94116EEDB3F00961A60 /* Default@2x.png in Resources */,
				F4B5C94316EEDB3F00961A60 /* Default-568h@2x.png in Resources */,
				F4B5C94616EEDB4000961A60 /* MainStoryboard_iPhone.storyboard in Resources */,
				F4B5C94916EEDB4000961A60 /* MainStoryboard_iPad.storyboard in Resources */,
				F443CF1A16F8301A00BD39B2 /* background.png in Resources */,
				F443CF1B16F8301A00BD39B2 /* page.png in Resources */,
				F478E68916F90BE800CE2CEF /* Circle.png in Resources */,
			);
			runOnlyForDeploymentPostprocessing = 0;
		};
		F4B5C94F16EEDB4200961A60 /* Resources */ = {
			isa = PBXResourcesBuildPhase;
			buildActionMask = 2147483647;
			files = (
				F4B5C95E16EEDB4200961A60 /* InfoPlist.strings in Resources */,
			);
			runOnlyForDeploymentPostprocessing = 0;
		};
/* End PBXResourcesBuildPhase section */

/* Begin PBXShellScriptBuildPhase section */
		F4B5C95016EEDB4200961A60 /* ShellScript */ = {
			isa = PBXShellScriptBuildPhase;
			buildActionMask = 2147483647;
			files = (
			);
			inputPaths = (
			);
			outputPaths = (
			);
			runOnlyForDeploymentPostprocessing = 0;
			shellPath = /bin/sh;
			shellScript = "# Run the unit tests in this test bundle.\n\"${SYSTEM_DEVELOPER_DIR}/Tools/RunUnitTests\"\n";
		};
/* End PBXShellScriptBuildPhase section */

/* Begin PBXSourcesBuildPhase section */
		F4B5C92516EEDB3F00961A60 /* Sources */ = {
			isa = PBXSourcesBuildPhase;
			buildActionMask = 2147483647;
			files = (
				F4B5C93916EEDB3F00961A60 /* main.m in Sources */,
				F4B5C93D16EEDB3F00961A60 /* AppDelegate.m in Sources */,
				F4B5C94C16EEDB4000961A60 /* GameViewController.m in Sources */,
				F4B5C96C16EEDC8B00961A60 /* WerewolfPlayer.m in Sources */,
				F4B5C96F16EEDE4600961A60 /* WerewolfGame.m in Sources */,
				F443CF0516F7EE3000BD39B2 /* iCarousel.m in Sources */,
				F443CF1416F7F6E400BD39B2 /* PrepViewController.m in Sources */,
				F443CF1716F80B8900BD39B2 /* CharacterViewController.m in Sources */,
				F443CF2116F83AD600BD39B2 /* SettingsTableViewController.m in Sources */,
				F478E68016F8C61D00CE2CEF /* MBProgressHUD.m in Sources */,
				F478E68316F8CB4A00CE2CEF /* CharacterSubView.m in Sources */,
				F478E68716F8DA9100CE2CEF /* ATSDragToReorderTableViewController.m in Sources */,
				F472294F17026DB300D4D4DA /* VictoryViewController.m in Sources */,
			);
			runOnlyForDeploymentPostprocessing = 0;
		};
		F4B5C94D16EEDB4200961A60 /* Sources */ = {
			isa = PBXSourcesBuildPhase;
			buildActionMask = 2147483647;
			files = (
				F49C372216F46DDA005A7EE4 /* WerewolfGameTest.m in Sources */,
				F49C372316F46DEC005A7EE4 /* WerewolfGame.m in Sources */,
				F49C372416F46EAE005A7EE4 /* WerewolfPlayer.m in Sources */,
			);
			runOnlyForDeploymentPostprocessing = 0;
		};
/* End PBXSourcesBuildPhase section */

/* Begin PBXTargetDependency section */
		F4B5C95816EEDB4200961A60 /* PBXTargetDependency */ = {
			isa = PBXTargetDependency;
			target = F4B5C92816EEDB3F00961A60 /* Werewolf */;
			targetProxy = F4B5C95716EEDB4200961A60 /* PBXContainerItemProxy */;
		};
/* End PBXTargetDependency section */

/* Begin PBXVariantGroup section */
		F4B5C93516EEDB3F00961A60 /* InfoPlist.strings */ = {
			isa = PBXVariantGroup;
			children = (
				F4B5C93616EEDB3F00961A60 /* en */,
			);
			name = InfoPlist.strings;
			sourceTree = "<group>";
		};
		F4B5C94416EEDB4000961A60 /* MainStoryboard_iPhone.storyboard */ = {
			isa = PBXVariantGroup;
			children = (
				F4B5C94516EEDB4000961A60 /* en */,
			);
			name = MainStoryboard_iPhone.storyboard;
			sourceTree = "<group>";
		};
		F4B5C94716EEDB4000961A60 /* MainStoryboard_iPad.storyboard */ = {
			isa = PBXVariantGroup;
			children = (
				F4B5C94816EEDB4000961A60 /* en */,
			);
			name = MainStoryboard_iPad.storyboard;
			sourceTree = "<group>";
		};
		F4B5C95C16EEDB4200961A60 /* InfoPlist.strings */ = {
			isa = PBXVariantGroup;
			children = (
				F4B5C95D16EEDB4200961A60 /* en */,
			);
			name = InfoPlist.strings;
			sourceTree = "<group>";
		};
/* End PBXVariantGroup section */

/* Begin XCBuildConfiguration section */
		F4B5C96216EEDB4200961A60 /* Debug */ = {
			isa = XCBuildConfiguration;
			buildSettings = {
				ALWAYS_SEARCH_USER_PATHS = NO;
				CLANG_CXX_LANGUAGE_STANDARD = "gnu++0x";
				CLANG_CXX_LIBRARY = "libc++";
				CLANG_ENABLE_OBJC_ARC = YES;
				CLANG_WARN_CONSTANT_CONVERSION = YES;
				CLANG_WARN_EMPTY_BODY = YES;
				CLANG_WARN_ENUM_CONVERSION = YES;
				CLANG_WARN_INT_CONVERSION = YES;
				CLANG_WARN__DUPLICATE_METHOD_MATCH = YES;
				"CODE_SIGN_IDENTITY[sdk=iphoneos*]" = "iPhone Developer";
				COPY_PHASE_STRIP = NO;
				GCC_C_LANGUAGE_STANDARD = gnu99;
				GCC_DYNAMIC_NO_PIC = NO;
				GCC_OPTIMIZATION_LEVEL = 0;
				GCC_PREPROCESSOR_DEFINITIONS = (
					"DEBUG=1",
					"$(inherited)",
				);
				GCC_SYMBOLS_PRIVATE_EXTERN = NO;
				GCC_WARN_ABOUT_RETURN_TYPE = YES;
				GCC_WARN_UNINITIALIZED_AUTOS = YES;
				GCC_WARN_UNUSED_VARIABLE = YES;
				IPHONEOS_DEPLOYMENT_TARGET = 6.1;
				ONLY_ACTIVE_ARCH = YES;
				SDKROOT = iphoneos;
				TARGETED_DEVICE_FAMILY = "1,2";
			};
			name = Debug;
		};
		F4B5C96316EEDB4200961A60 /* Release */ = {
			isa = XCBuildConfiguration;
			buildSettings = {
				ALWAYS_SEARCH_USER_PATHS = NO;
				CLANG_CXX_LANGUAGE_STANDARD = "gnu++0x";
				CLANG_CXX_LIBRARY = "libc++";
				CLANG_ENABLE_OBJC_ARC = YES;
				CLANG_WARN_CONSTANT_CONVERSION = YES;
				CLANG_WARN_EMPTY_BODY = YES;
				CLANG_WARN_ENUM_CONVERSION = YES;
				CLANG_WARN_INT_CONVERSION = YES;
				CLANG_WARN__DUPLICATE_METHOD_MATCH = YES;
				"CODE_SIGN_IDENTITY[sdk=iphoneos*]" = "iPhone Developer";
				COPY_PHASE_STRIP = YES;
				GCC_C_LANGUAGE_STANDARD = gnu99;
				GCC_WARN_ABOUT_RETURN_TYPE = YES;
				GCC_WARN_UNINITIALIZED_AUTOS = YES;
				GCC_WARN_UNUSED_VARIABLE = YES;
				IPHONEOS_DEPLOYMENT_TARGET = 6.1;
				OTHER_CFLAGS = "-DNS_BLOCK_ASSERTIONS=1";
				SDKROOT = iphoneos;
				TARGETED_DEVICE_FAMILY = "1,2";
				VALIDATE_PRODUCT = YES;
			};
			name = Release;
		};
		F4B5C96516EEDB4200961A60 /* Debug */ = {
			isa = XCBuildConfiguration;
			buildSettings = {
				ALWAYS_SEARCH_USER_PATHS = NO;
				CODE_SIGN_IDENTITY = "iPhone Developer";
				GCC_PRECOMPILE_PREFIX_HEADER = YES;
				GCC_PREFIX_HEADER = "Werewolf/Werewolf-Prefix.pch";
				INFOPLIST_FILE = "Werewolf/Werewolf-Info.plist";
				LIBRARY_SEARCH_PATHS = (
					"$(inherited)",
					"\"$(SRCROOT)\"",
					"\"$(SRCROOT)/../../../Desktop\"",
					"\"$(SRCROOT)/Werewolf\"",
				);
				PRODUCT_NAME = "$(TARGET_NAME)";
				TARGETED_DEVICE_FAMILY = 1;
				WRAPPER_EXTENSION = app;
			};
			name = Debug;
		};
		F4B5C96616EEDB4200961A60 /* Release */ = {
			isa = XCBuildConfiguration;
			buildSettings = {
				ALWAYS_SEARCH_USER_PATHS = NO;
				CODE_SIGN_IDENTITY = "iPhone Developer";
				GCC_PRECOMPILE_PREFIX_HEADER = YES;
				GCC_PREFIX_HEADER = "Werewolf/Werewolf-Prefix.pch";
				INFOPLIST_FILE = "Werewolf/Werewolf-Info.plist";
				LIBRARY_SEARCH_PATHS = (
					"$(inherited)",
					"\"$(SRCROOT)\"",
					"\"$(SRCROOT)/../../../Desktop\"",
					"\"$(SRCROOT)/Werewolf\"",
				);
				PRODUCT_NAME = "$(TARGET_NAME)";
				TARGETED_DEVICE_FAMILY = 1;
				WRAPPER_EXTENSION = app;
			};
			name = Release;
		};
		F4B5C96816EEDB4200961A60 /* Debug */ = {
			isa = XCBuildConfiguration;
			buildSettings = {
				BUNDLE_LOADER = "$(BUILT_PRODUCTS_DIR)/Werewolf.app/Werewolf";
				FRAMEWORK_SEARCH_PATHS = (
					"\"$(SDKROOT)/Developer/Library/Frameworks\"",
					"\"$(DEVELOPER_LIBRARY_DIR)/Frameworks\"",
				);
				GCC_PRECOMPILE_PREFIX_HEADER = YES;
				GCC_PREFIX_HEADER = "Werewolf/Werewolf-Prefix.pch";
				HEADER_SEARCH_PATHS = "$(SRCROOT)/WerewolfTests/**";
				INFOPLIST_FILE = "WerewolfTests/WerewolfTests-Info.plist";
				LIBRARY_SEARCH_PATHS = (
					"$(inherited)",
					"\"$(SRCROOT)/WerewolfTests\"",
				);
				OTHER_LDFLAGS = (
					"-force_load",
					"$(SRCROOT)/WerewolfTests/libOCMock.a",
				);
				PRODUCT_NAME = "$(TARGET_NAME)";
				TEST_HOST = "$(BUNDLE_LOADER)";
				WRAPPER_EXTENSION = octest;
			};
			name = Debug;
		};
		F4B5C96916EEDB4200961A60 /* Release */ = {
			isa = XCBuildConfiguration;
			buildSettings = {
				BUNDLE_LOADER = "$(BUILT_PRODUCTS_DIR)/Werewolf.app/Werewolf";
				FRAMEWORK_SEARCH_PATHS = (
					"\"$(SDKROOT)/Developer/Library/Frameworks\"",
					"\"$(DEVELOPER_LIBRARY_DIR)/Frameworks\"",
				);
				GCC_PRECOMPILE_PREFIX_HEADER = YES;
				GCC_PREFIX_HEADER = "Werewolf/Werewolf-Prefix.pch";
				HEADER_SEARCH_PATHS = "$(SRCROOT)/WerewolfTests/**";
				INFOPLIST_FILE = "WerewolfTests/WerewolfTests-Info.plist";
				LIBRARY_SEARCH_PATHS = (
					"$(inherited)",
					"\"$(SRCROOT)/WerewolfTests\"",
				);
				OTHER_LDFLAGS = (
					"-force_load",
					"$(SRCROOT)/WerewolfTests/libOCMock.a",
				);
				PRODUCT_NAME = "$(TARGET_NAME)";
				TEST_HOST = "$(BUNDLE_LOADER)";
				WRAPPER_EXTENSION = octest;
			};
			name = Release;
		};
/* End XCBuildConfiguration section */

/* Begin XCConfigurationList section */
		F4B5C92416EEDB3F00961A60 /* Build configuration list for PBXProject "Werewolf" */ = {
			isa = XCConfigurationList;
			buildConfigurations = (
				F4B5C96216EEDB4200961A60 /* Debug */,
				F4B5C96316EEDB4200961A60 /* Release */,
			);
			defaultConfigurationIsVisible = 0;
			defaultConfigurationName = Release;
		};
		F4B5C96416EEDB4200961A60 /* Build configuration list for PBXNativeTarget "Werewolf" */ = {
			isa = XCConfigurationList;
			buildConfigurations = (
				F4B5C96516EEDB4200961A60 /* Debug */,
				F4B5C96616EEDB4200961A60 /* Release */,
			);
			defaultConfigurationIsVisible = 0;
			defaultConfigurationName = Release;
		};
		F4B5C96716EEDB4200961A60 /* Build configuration list for PBXNativeTarget "WerewolfTests" */ = {
			isa = XCConfigurationList;
			buildConfigurations = (
				F4B5C96816EEDB4200961A60 /* Debug */,
				F4B5C96916EEDB4200961A60 /* Release */,
			);
			defaultConfigurationIsVisible = 0;
			defaultConfigurationName = Release;
		};
/* End XCConfigurationList section */
	};
	rootObject = F4B5C92116EEDB3E00961A60 /* Project object */;
}
